
Microsoft Visual Studio Solution File, Format Version 12.00
# Visual Studio Version 17
VisualStudioVersion = 17.3.32825.248
MinimumVisualStudioVersion = 10.0.40219.1
Project("{9A19103F-16F7-4668-BE54-9A1E7A4F7556}") = "StudentApi", "student-api\StudentApi.csproj", "{1EE36FBA-FE0F-4B04-A3AF-02D0645EFD77}"
EndProject
Project("{9A19103F-16F7-4668-BE54-9A1E7A4F7556}") = "StudentApi.Service", "Service\StudentApi.Service.csproj", "{DE9E3EE9-5357-4B52-A8DA-D8D9A91332ED}"
EndProject
Project("{9A19103F-16F7-4668-BE54-9A1E7A4F7556}") = "StudentApi.Fact", "StudentApiFact\StudentApi.Fact.csproj", "{F72E13E3-A0BF-4788-8B5C-9018997923D1}"
EndProject
Global
	GlobalSection(SolutionConfigurationPlatforms) = preSolution
		Debug|Any CPU = Debug|Any CPU
		Release|Any CPU = Release|Any CPU
	EndGlobalSection
	GlobalSection(ProjectConfigurationPlatforms) = postSolution
		{1EE36FBA-FE0F-4B04-A3AF-02D0645EFD77}.Debug|Any CPU.ActiveCfg = Debug|Any CPU
		{1EE36FBA-FE0F-4B04-A3AF-02D0645EFD77}.Debug|Any CPU.Build.0 = Debug|Any CPU
		{1EE36FBA-FE0F-4B04-A3AF-02D0645EFD77}.Release|Any CPU.ActiveCfg = Release|Any CPU
		{1EE36FBA-FE0F-4B04-A3AF-02D0645EFD77}.Release|Any CPU.Build.0 = Release|Any CPU
		{DE9E3EE9-5357-4B52-A8DA-D8D9A91332ED}.Debug|Any CPU.ActiveCfg = Debug|Any CPU
		{DE9E3EE9-5357-4B52-A8DA-D8D9A91332ED}.Debug|Any CPU.Build.0 = Debug|Any CPU
		{DE9E3EE9-5357-4B52-A8DA-D8D9A91332ED}.Release|Any CPU.ActiveCfg = Release|Any CPU
		{DE9E3EE9-5357-4B52-A8DA-D8D9A91332ED}.Release|Any CPU.Build.0 = Release|Any CPU
		{F72E13E3-A0BF-4788-8B5C-9018997923D1}.Debug|Any CPU.ActiveCfg = Debug|Any CPU
		{F72E13E3-A0BF-4788-8B5C-9018997923D1}.Debug|Any CPU.Build.0 = Debug|Any CPU
		{F72E13E3-A0BF-4788-8B5C-9018997923D1}.Release|Any CPU.ActiveCfg = Release|Any CPU
		{F72E13E3-A0BF-4788-8B5C-9018997923D1}.Release|Any CPU.Build.0 = Release|Any CPU
	EndGlobalSection
	GlobalSection(SolutionProperties) = preSolution
		HideSolutionNode = FALSE
	EndGlobalSection
	GlobalSection(ExtensibilityGlobals) = postSolution
		SolutionGuid = {0AC5890C-D296-4D9D-BF29-CD3627D4E978}
	EndGlobalSection
EndGlobal
